
Microsoft Visual Studio Solution File, Format Version 12.00
# Visual Studio Version 17
VisualStudioVersion = 17.3.32929.385
MinimumVisualStudioVersion = 10.0.40219.1
Project("{2150E333-8FDC-42A3-9474-1A3956D46DE8}") = "Services", "Services", "{672CF58E-66D5-4D4F-945E-E87D0614020F}"
EndProject
Project("{2150E333-8FDC-42A3-9474-1A3956D46DE8}") = "Gateways", "Gateways", "{1CF215A8-AD7E-48D9-84D8-4A3B3FBF4A09}"
EndProject
Project("{2150E333-8FDC-42A3-9474-1A3956D46DE8}") = "BuildingBlocks", "BuildingBlocks", "{0D0BF9CF-BB3A-4533-8468-F95E80A8833E}"
EndProject
Project("{FAE04EC0-301F-11D3-BF4B-00C04F79EFBC}") = "YARPApiGateway", "Gateways\YARPApiGateway\YARPApiGateway.csproj", "{3674E788-CDE1-42F2-B969-E7048E75BE3C}"
EndProject
Project("{FAE04EC0-301F-11D3-BF4B-00C04F79EFBC}") = "EventBus.RabbitMQ", "BuildingBlocks\EventBus.RabbitMQ\EventBus.RabbitMQ.csproj", "{4D789A47-4A4E-4961-9947-CA2645151F02}"
EndProject
Project("{2150E333-8FDC-42A3-9474-1A3956D46DE8}") = "Catalog", "Catalog", "{EF5B5421-36FE-4AA6-9277-6C098EF90755}"
EndProject
Project("{2150E333-8FDC-42A3-9474-1A3956D46DE8}") = "Basket", "Basket", "{95E8A7EB-4D11-4CFE-92DD-6FB73DEF8325}"
EndProject
Project("{2150E333-8FDC-42A3-9474-1A3956D46DE8}") = "Order", "Order", "{84E2F0D7-EA65-4F1D-BD21-89C078B10C32}"
EndProject
Project("{FAE04EC0-301F-11D3-BF4B-00C04F79EFBC}") = "Basket.API", "Services\Basket.API\Basket.API.csproj", "{DB65A94C-11FD-4959-A193-585F57F6C0C5}"
EndProject
Project("{FAE04EC0-301F-11D3-BF4B-00C04F79EFBC}") = "Catalog.API", "Services\Catalog.API\Catalog.API.csproj", "{8D607871-E3B9-4335-B863-B2715AF2FAAC}"
EndProject
Project("{FAE04EC0-301F-11D3-BF4B-00C04F79EFBC}") = "Order.API", "Services\Order.API\Order.API.csproj", "{C9A7F70D-6357-457C-ABF8-EE7F0772A6F9}"
EndProject
Project("{FAE04EC0-301F-11D3-BF4B-00C04F79EFBC}") = "Order.Application", "Services\Order.Application\Order.Application.csproj", "{8B98D95B-B7AE-4040-A7B6-E487AC02A3A7}"
EndProject
Project("{FAE04EC0-301F-11D3-BF4B-00C04F79EFBC}") = "Order.Domain", "Services\Order.Domain\Order.Domain.csproj", "{2DECF27D-7D15-4F08-8488-88271EEE1F0C}"
EndProject
Project("{FAE04EC0-301F-11D3-BF4B-00C04F79EFBC}") = "Order.Infrastructure", "Services\Order.Infrastructure\Order.Infrastructure.csproj", "{D305142D-5277-4900-92F3-79983554BBB3}"
EndProject
Global
	GlobalSection(SolutionConfigurationPlatforms) = preSolution
		Debug|Any CPU = Debug|Any CPU
		Release|Any CPU = Release|Any CPU
	EndGlobalSection
	GlobalSection(ProjectConfigurationPlatforms) = postSolution
		{3674E788-CDE1-42F2-B969-E7048E75BE3C}.Debug|Any CPU.ActiveCfg = Debug|Any CPU
		{3674E788-CDE1-42F2-B969-E7048E75BE3C}.Debug|Any CPU.Build.0 = Debug|Any CPU
		{3674E788-CDE1-42F2-B969-E7048E75BE3C}.Release|Any CPU.ActiveCfg = Release|Any CPU
		{3674E788-CDE1-42F2-B969-E7048E75BE3C}.Release|Any CPU.Build.0 = Release|Any CPU
		{4D789A47-4A4E-4961-9947-CA2645151F02}.Debug|Any CPU.ActiveCfg = Debug|Any CPU
		{4D789A47-4A4E-4961-9947-CA2645151F02}.Debug|Any CPU.Build.0 = Debug|Any CPU
		{4D789A47-4A4E-4961-9947-CA2645151F02}.Release|Any CPU.ActiveCfg = Release|Any CPU
		{4D789A47-4A4E-4961-9947-CA2645151F02}.Release|Any CPU.Build.0 = Release|Any CPU
		{DB65A94C-11FD-4959-A193-585F57F6C0C5}.Debug|Any CPU.ActiveCfg = Debug|Any CPU
		{DB65A94C-11FD-4959-A193-585F57F6C0C5}.Debug|Any CPU.Build.0 = Debug|Any CPU
		{DB65A94C-11FD-4959-A193-585F57F6C0C5}.Release|Any CPU.ActiveCfg = Release|Any CPU
		{DB65A94C-11FD-4959-A193-585F57F6C0C5}.Release|Any CPU.Build.0 = Release|Any CPU
		{8D607871-E3B9-4335-B863-B2715AF2FAAC}.Debug|Any CPU.ActiveCfg = Debug|Any CPU
		{8D607871-E3B9-4335-B863-B2715AF2FAAC}.Debug|Any CPU.Build.0 = Debug|Any CPU
		{8D607871-E3B9-4335-B863-B2715AF2FAAC}.Release|Any CPU.ActiveCfg = Release|Any CPU
		{8D607871-E3B9-4335-B863-B2715AF2FAAC}.Release|Any CPU.Build.0 = Release|Any CPU
		{C9A7F70D-6357-457C-ABF8-EE7F0772A6F9}.Debug|Any CPU.ActiveCfg = Debug|Any CPU
		{C9A7F70D-6357-457C-ABF8-EE7F0772A6F9}.Debug|Any CPU.Build.0 = Debug|Any CPU
		{C9A7F70D-6357-457C-ABF8-EE7F0772A6F9}.Release|Any CPU.ActiveCfg = Release|Any CPU
		{C9A7F70D-6357-457C-ABF8-EE7F0772A6F9}.Release|Any CPU.Build.0 = Release|Any CPU
		{8B98D95B-B7AE-4040-A7B6-E487AC02A3A7}.Debug|Any CPU.ActiveCfg = Debug|Any CPU
		{8B98D95B-B7AE-4040-A7B6-E487AC02A3A7}.Debug|Any CPU.Build.0 = Debug|Any CPU
		{8B98D95B-B7AE-4040-A7B6-E487AC02A3A7}.Release|Any CPU.ActiveCfg = Release|Any CPU
		{8B98D95B-B7AE-4040-A7B6-E487AC02A3A7}.Release|Any CPU.Build.0 = Release|Any CPU
		{2DECF27D-7D15-4F08-8488-88271EEE1F0C}.Debug|Any CPU.ActiveCfg = Debug|Any CPU
		{2DECF27D-7D15-4F08-8488-88271EEE1F0C}.Debug|Any CPU.Build.0 = Debug|Any CPU
		{2DECF27D-7D15-4F08-8488-88271EEE1F0C}.Release|Any CPU.ActiveCfg = Release|Any CPU
		{2DECF27D-7D15-4F08-8488-88271EEE1F0C}.Release|Any CPU.Build.0 = Release|Any CPU
		{D305142D-5277-4900-92F3-79983554BBB3}.Debug|Any CPU.ActiveCfg = Debug|Any CPU
		{D305142D-5277-4900-92F3-79983554BBB3}.Debug|Any CPU.Build.0 = Debug|Any CPU
		{D305142D-5277-4900-92F3-79983554BBB3}.Release|Any CPU.ActiveCfg = Release|Any CPU
		{D305142D-5277-4900-92F3-79983554BBB3}.Release|Any CPU.Build.0 = Release|Any CPU
	EndGlobalSection
	GlobalSection(SolutionProperties) = preSolution
		HideSolutionNode = FALSE
	EndGlobalSection
	GlobalSection(NestedProjects) = preSolution
		{3674E788-CDE1-42F2-B969-E7048E75BE3C} = {1CF215A8-AD7E-48D9-84D8-4A3B3FBF4A09}
		{4D789A47-4A4E-4961-9947-CA2645151F02} = {0D0BF9CF-BB3A-4533-8468-F95E80A8833E}
		{EF5B5421-36FE-4AA6-9277-6C098EF90755} = {672CF58E-66D5-4D4F-945E-E87D0614020F}
		{95E8A7EB-4D11-4CFE-92DD-6FB73DEF8325} = {672CF58E-66D5-4D4F-945E-E87D0614020F}
		{84E2F0D7-EA65-4F1D-BD21-89C078B10C32} = {672CF58E-66D5-4D4F-945E-E87D0614020F}
		{DB65A94C-11FD-4959-A193-585F57F6C0C5} = {95E8A7EB-4D11-4CFE-92DD-6FB73DEF8325}
		{8D607871-E3B9-4335-B863-B2715AF2FAAC} = {EF5B5421-36FE-4AA6-9277-6C098EF90755}
		{C9A7F70D-6357-457C-ABF8-EE7F0772A6F9} = {84E2F0D7-EA65-4F1D-BD21-89C078B10C32}
		{8B98D95B-B7AE-4040-A7B6-E487AC02A3A7} = {84E2F0D7-EA65-4F1D-BD21-89C078B10C32}
		{2DECF27D-7D15-4F08-8488-88271EEE1F0C} = {84E2F0D7-EA65-4F1D-BD21-89C078B10C32}
		{D305142D-5277-4900-92F3-79983554BBB3} = {84E2F0D7-EA65-4F1D-BD21-89C078B10C32}
	EndGlobalSection
	GlobalSection(ExtensibilityGlobals) = postSolution
		SolutionGuid = {464070F1-72BD-4941-B8C6-B9190E688724}
	EndGlobalSection
EndGlobal
